
Microsoft Visual Studio Solution File, Format Version 12.00
# Visual Studio Version 17
VisualStudioVersion = 17.9.34723.18
MinimumVisualStudioVersion = 10.0.40219.1
Project("{FAE04EC0-301F-11D3-BF4B-00C04F79EFBC}") = "SieveAndNthPrime", "SieveAndNthPrime\SieveAndNthPrime.csproj", "{FB7898A4-F653-24A3-B44A-3A61C46F4754}"
EndProject
Global
	GlobalSection(SolutionConfigurationPlatforms) = preSolution
		Debug|Any CPU = Debug|Any CPU
		Release|Any CPU = Release|Any CPU
	EndGlobalSection
	GlobalSection(ProjectConfigurationPlatforms) = postSolution
		{FB7898A4-F653-24A3-B44A-3A61C46F4754}.Debug|Any CPU.ActiveCfg = Debug|Any CPU
		{FB7898A4-F653-24A3-B44A-3A61C46F4754}.Debug|Any CPU.Build.0 = Debug|Any CPU
		{FB7898A4-F653-24A3-B44A-3A61C46F4754}.Release|Any CPU.ActiveCfg = Release|Any CPU
		{FB7898A4-F653-24A3-B44A-3A61C46F4754}.Release|Any CPU.Build.0 = Release|Any CPU
	EndGlobalSection
	GlobalSection(SolutionProperties) = preSolution
		HideSolutionNode = FALSE
	EndGlobalSection
	GlobalSection(ExtensibilityGlobals) = postSolution
		SolutionGuid = {DD1FF83B-8DDA-4C74-B858-CDF918EF2DD8}
	EndGlobalSection
EndGlobal
